
Microsoft Visual Studio Solution File, Format Version 12.00
# Visual Studio Version 16
VisualStudioVersion = 16.0.31205.134
MinimumVisualStudioVersion = 10.0.40219.1
Project("{FAE04EC0-301F-11D3-BF4B-00C04F79EFBC}") = "NLogDemo", "NLogDemo\NLogDemo.csproj", "{86186408-FF06-4601-83F0-34FA4E3C58D7}"
EndProject
Global
	GlobalSection(SolutionConfigurationPlatforms) = preSolution
		Debug|Any CPU = Debug|Any CPU
		Release|Any CPU = Release|Any CPU
	EndGlobalSection
	GlobalSection(ProjectConfigurationPlatforms) = postSolution
		{86186408-FF06-4601-83F0-34FA4E3C58D7}.Debug|Any CPU.ActiveCfg = Debug|Any CPU
		{86186408-FF06-4601-83F0-34FA4E3C58D7}.Debug|Any CPU.Build.0 = Debug|Any CPU
		{86186408-FF06-4601-83F0-34FA4E3C58D7}.Release|Any CPU.ActiveCfg = Release|Any CPU
		{86186408-FF06-4601-83F0-34FA4E3C58D7}.Release|Any CPU.Build.0 = Release|Any CPU
	EndGlobalSection
	GlobalSection(SolutionProperties) = preSolution
		HideSolutionNode = FALSE
	EndGlobalSection
	GlobalSection(ExtensibilityGlobals) = postSolution
		SolutionGuid = {68BC0E45-FF04-4562-BE43-DDE2A0E32D8E}
	EndGlobalSection
EndGlobal
